
Microsoft Visual Studio Solution File, Format Version 12.00
# Visual Studio Version 17
VisualStudioVersion = 17.3.32929.385
MinimumVisualStudioVersion = 10.0.40219.1
Project("{9A19103F-16F7-4668-BE54-9A1E7A4F7556}") = "ECommerceProject.Entities", "ECommerceProject.Entities\ECommerceProject.Entities.csproj", "{CD8644A3-69B0-4AA1-9C35-441D34EB4BE2}"
EndProject
Project("{9A19103F-16F7-4668-BE54-9A1E7A4F7556}") = "ECommerceProject.DataAccess", "ECommerceProject.DataAccess\ECommerceProject.DataAccess.csproj", "{1541AFC8-AC32-46ED-9550-3ADD071177C8}"
EndProject
Project("{9A19103F-16F7-4668-BE54-9A1E7A4F7556}") = "ECommerceProject.Business", "ECommerceProject.Business\ECommerceProject.Business.csproj", "{680A615C-106F-425C-B039-A5F7ABE5C802}"
EndProject
Project("{9A19103F-16F7-4668-BE54-9A1E7A4F7556}") = "ECommerceProject.AdminUI", "ECommerceProject.AdminUI\ECommerceProject.AdminUI.csproj", "{9CA36D5F-8A90-4FE1-A08E-4AC81BF102C6}"
EndProject
Project("{FAE04EC0-301F-11D3-BF4B-00C04F79EFBC}") = "ECommerceProject.UserUI", "ECommerceProject.UserUI\ECommerceProject.UserUI.csproj", "{82D0AE42-698B-4792-8C11-C7B688C7A896}"
EndProject
Global
	GlobalSection(SolutionConfigurationPlatforms) = preSolution
		Debug|Any CPU = Debug|Any CPU
		Release|Any CPU = Release|Any CPU
	EndGlobalSection
	GlobalSection(ProjectConfigurationPlatforms) = postSolution
		{CD8644A3-69B0-4AA1-9C35-441D34EB4BE2}.Debug|Any CPU.ActiveCfg = Debug|Any CPU
		{CD8644A3-69B0-4AA1-9C35-441D34EB4BE2}.Debug|Any CPU.Build.0 = Debug|Any CPU
		{CD8644A3-69B0-4AA1-9C35-441D34EB4BE2}.Release|Any CPU.ActiveCfg = Release|Any CPU
		{CD8644A3-69B0-4AA1-9C35-441D34EB4BE2}.Release|Any CPU.Build.0 = Release|Any CPU
		{1541AFC8-AC32-46ED-9550-3ADD071177C8}.Debug|Any CPU.ActiveCfg = Debug|Any CPU
		{1541AFC8-AC32-46ED-9550-3ADD071177C8}.Debug|Any CPU.Build.0 = Debug|Any CPU
		{1541AFC8-AC32-46ED-9550-3ADD071177C8}.Release|Any CPU.ActiveCfg = Release|Any CPU
		{1541AFC8-AC32-46ED-9550-3ADD071177C8}.Release|Any CPU.Build.0 = Release|Any CPU
		{680A615C-106F-425C-B039-A5F7ABE5C802}.Debug|Any CPU.ActiveCfg = Debug|Any CPU
		{680A615C-106F-425C-B039-A5F7ABE5C802}.Debug|Any CPU.Build.0 = Debug|Any CPU
		{680A615C-106F-425C-B039-A5F7ABE5C802}.Release|Any CPU.ActiveCfg = Release|Any CPU
		{680A615C-106F-425C-B039-A5F7ABE5C802}.Release|Any CPU.Build.0 = Release|Any CPU
		{9CA36D5F-8A90-4FE1-A08E-4AC81BF102C6}.Debug|Any CPU.ActiveCfg = Debug|Any CPU
		{9CA36D5F-8A90-4FE1-A08E-4AC81BF102C6}.Debug|Any CPU.Build.0 = Debug|Any CPU
		{9CA36D5F-8A90-4FE1-A08E-4AC81BF102C6}.Release|Any CPU.ActiveCfg = Release|Any CPU
		{9CA36D5F-8A90-4FE1-A08E-4AC81BF102C6}.Release|Any CPU.Build.0 = Release|Any CPU
		{82D0AE42-698B-4792-8C11-C7B688C7A896}.Debug|Any CPU.ActiveCfg = Debug|Any CPU
		{82D0AE42-698B-4792-8C11-C7B688C7A896}.Debug|Any CPU.Build.0 = Debug|Any CPU
		{82D0AE42-698B-4792-8C11-C7B688C7A896}.Release|Any CPU.ActiveCfg = Release|Any CPU
		{82D0AE42-698B-4792-8C11-C7B688C7A896}.Release|Any CPU.Build.0 = Release|Any CPU
	EndGlobalSection
	GlobalSection(SolutionProperties) = preSolution
		HideSolutionNode = FALSE
	EndGlobalSection
	GlobalSection(ExtensibilityGlobals) = postSolution
		SolutionGuid = {AB9C8525-DE3D-4053-9172-07C73F14D11F}
	EndGlobalSection
EndGlobal
